
Microsoft Visual Studio Solution File, Format Version 12.00
# Visual Studio Version 16
VisualStudioVersion = 16.0.32228.343
MinimumVisualStudioVersion = 10.0.40219.1
Project("{FAE04EC0-301F-11D3-BF4B-00C04F79EFBC}") = "Abstract", "Abstract\Abstract.csproj", "{9C32F48B-6FB8-4247-BD4B-84F1C74C3BAA}"
EndProject
Global
	GlobalSection(SolutionConfigurationPlatforms) = preSolution
		Debug|Any CPU = Debug|Any CPU
		Release|Any CPU = Release|Any CPU
	EndGlobalSection
	GlobalSection(ProjectConfigurationPlatforms) = postSolution
		{9C32F48B-6FB8-4247-BD4B-84F1C74C3BAA}.Debug|Any CPU.ActiveCfg = Debug|Any CPU
		{9C32F48B-6FB8-4247-BD4B-84F1C74C3BAA}.Debug|Any CPU.Build.0 = Debug|Any CPU
		{9C32F48B-6FB8-4247-BD4B-84F1C74C3BAA}.Release|Any CPU.ActiveCfg = Release|Any CPU
		{9C32F48B-6FB8-4247-BD4B-84F1C74C3BAA}.Release|Any CPU.Build.0 = Release|Any CPU
	EndGlobalSection
	GlobalSection(SolutionProperties) = preSolution
		HideSolutionNode = FALSE
	EndGlobalSection
	GlobalSection(ExtensibilityGlobals) = postSolution
		SolutionGuid = {53C377C3-0FA2-4482-A457-4D33AD469A6B}
	EndGlobalSection
EndGlobal
